
Microsoft Visual Studio Solution File, Format Version 12.00
# Visual Studio Version 17
VisualStudioVersion = 17.5.33530.505
MinimumVisualStudioVersion = 10.0.40219.1
Project("{FAE04EC0-301F-11D3-BF4B-00C04F79EFBC}") = "Lab01", "Lab01\Lab01.csproj", "{26990E28-1266-4BCE-BE9A-386CFC1DD247}"
EndProject
Global
	GlobalSection(SolutionConfigurationPlatforms) = preSolution
		Debug|Any CPU = Debug|Any CPU
		Release|Any CPU = Release|Any CPU
	EndGlobalSection
	GlobalSection(ProjectConfigurationPlatforms) = postSolution
		{26990E28-1266-4BCE-BE9A-386CFC1DD247}.Debug|Any CPU.ActiveCfg = Debug|Any CPU
		{26990E28-1266-4BCE-BE9A-386CFC1DD247}.Debug|Any CPU.Build.0 = Debug|Any CPU
		{26990E28-1266-4BCE-BE9A-386CFC1DD247}.Release|Any CPU.ActiveCfg = Release|Any CPU
		{26990E28-1266-4BCE-BE9A-386CFC1DD247}.Release|Any CPU.Build.0 = Release|Any CPU
	EndGlobalSection
	GlobalSection(SolutionProperties) = preSolution
		HideSolutionNode = FALSE
	EndGlobalSection
	GlobalSection(ExtensibilityGlobals) = postSolution
		SolutionGuid = {E86C9411-1A80-4383-8C5D-EA530687B3C2}
	EndGlobalSection
EndGlobal
