
Microsoft Visual Studio Solution File, Format Version 12.00
# Visual Studio Version 17
VisualStudioVersion = 17.5.33530.505
MinimumVisualStudioVersion = 10.0.40219.1
Project("{FAE04EC0-301F-11D3-BF4B-00C04F79EFBC}") = "Lab04", "Lab04\Lab04.csproj", "{EC0C1D4B-5CD0-4D61-8614-91A65442C1A4}"
EndProject
Global
	GlobalSection(SolutionConfigurationPlatforms) = preSolution
		Debug|Any CPU = Debug|Any CPU
		Release|Any CPU = Release|Any CPU
	EndGlobalSection
	GlobalSection(ProjectConfigurationPlatforms) = postSolution
		{EC0C1D4B-5CD0-4D61-8614-91A65442C1A4}.Debug|Any CPU.ActiveCfg = Debug|Any CPU
		{EC0C1D4B-5CD0-4D61-8614-91A65442C1A4}.Debug|Any CPU.Build.0 = Debug|Any CPU
		{EC0C1D4B-5CD0-4D61-8614-91A65442C1A4}.Release|Any CPU.ActiveCfg = Release|Any CPU
		{EC0C1D4B-5CD0-4D61-8614-91A65442C1A4}.Release|Any CPU.Build.0 = Release|Any CPU
	EndGlobalSection
	GlobalSection(SolutionProperties) = preSolution
		HideSolutionNode = FALSE
	EndGlobalSection
	GlobalSection(ExtensibilityGlobals) = postSolution
		SolutionGuid = {090C79E7-F739-413E-97DA-2056C753F4BC}
	EndGlobalSection
EndGlobal
