
Microsoft Visual Studio Solution File, Format Version 12.00
# Visual Studio Version 17
VisualStudioVersion = 17.5.33530.505
MinimumVisualStudioVersion = 10.0.40219.1
Project("{FAE04EC0-301F-11D3-BF4B-00C04F79EFBC}") = "Lab6Q6", "Lab6Q6\Lab6Q6.csproj", "{76563133-3029-4163-B4E1-BFC5852A0A2E}"
EndProject
Global
	GlobalSection(SolutionConfigurationPlatforms) = preSolution
		Debug|Any CPU = Debug|Any CPU
		Release|Any CPU = Release|Any CPU
	EndGlobalSection
	GlobalSection(ProjectConfigurationPlatforms) = postSolution
		{76563133-3029-4163-B4E1-BFC5852A0A2E}.Debug|Any CPU.ActiveCfg = Debug|Any CPU
		{76563133-3029-4163-B4E1-BFC5852A0A2E}.Debug|Any CPU.Build.0 = Debug|Any CPU
		{76563133-3029-4163-B4E1-BFC5852A0A2E}.Release|Any CPU.ActiveCfg = Release|Any CPU
		{76563133-3029-4163-B4E1-BFC5852A0A2E}.Release|Any CPU.Build.0 = Release|Any CPU
	EndGlobalSection
	GlobalSection(SolutionProperties) = preSolution
		HideSolutionNode = FALSE
	EndGlobalSection
	GlobalSection(ExtensibilityGlobals) = postSolution
		SolutionGuid = {11DAEEFC-0770-42A4-B539-00FC6E53BFE5}
	EndGlobalSection
EndGlobal
